
Microsoft Visual Studio Solution File, Format Version 12.00
# Visual Studio Version 16
VisualStudioVersion = 16.0.29519.87
MinimumVisualStudioVersion = 10.0.40219.1
Project("{2150E333-8FDC-42A3-9474-1A3956D46DE8}") = "ITMO.HTML.L1", "ITMO.HTML.L1", "{CE2BBB69-C983-419B-AF65-C281C186B22B}"
	ProjectSection(SolutionItems) = preProject
		ITMO.HTML.L1T1_2_5_6_ex1.html = ITMO.HTML.L1T1_2_5_6_ex1.html
		ITMO.HTML.L1T4_ex2.html = ITMO.HTML.L1T4_ex2.html
		ITMO.HTML.L1T4_ex3.html = ITMO.HTML.L1T4_ex3.html
	EndProjectSection
EndProject
Project("{2150E333-8FDC-42A3-9474-1A3956D46DE8}") = "ITMO.HTML.L2", "ITMO.HTML.L2", "{4E365B32-5A2E-47CF-B887-471AE47A377A}"
	ProjectSection(SolutionItems) = preProject
		ITMO.HTML.L2T1_2_3_index.html = ITMO.HTML.L2T1_2_3_index.html
		ITMO.HTML.L2T4_code.html = ITMO.HTML.L2T4_code.html
		ITMO.HTML.L2T5_classification.html = ITMO.HTML.L2T5_classification.html
		ITMO.HTML.L2T8_findings.html = ITMO.HTML.L2T8_findings.html
	EndProjectSection
EndProject
Project("{2150E333-8FDC-42A3-9474-1A3956D46DE8}") = "ITMO.HTML.L3", "ITMO.HTML.L3", "{A090E6C6-5489-4FDA-AD6D-78BDE93B6DC3}"
	ProjectSection(SolutionItems) = preProject
		ITMO.HTML.L3T2_ex4.html = ITMO.HTML.L3T2_ex4.html
		..\Материалы\ITMO.HTML.L3T4_about_buttons.html = ..\Материалы\ITMO.HTML.L3T4_about_buttons.html
	EndProjectSection
EndProject
Project("{2150E333-8FDC-42A3-9474-1A3956D46DE8}") = "ITMO.HTML.L4", "ITMO.HTML.L4", "{D07E4939-EEBF-4976-91B3-116F5B3C0604}"
	ProjectSection(SolutionItems) = preProject
		ITMO.HTML.L4T1_2_3_ex5.html = ITMO.HTML.L4T1_2_3_ex5.html
		..\Материалы\HTML\Lab_4\ITMO.HTML.L4T5_table.html = ..\Материалы\HTML\Lab_4\ITMO.HTML.L4T5_table.html
	EndProjectSection
EndProject
Project("{2150E333-8FDC-42A3-9474-1A3956D46DE8}") = "ITMO.CSS.L1", "ITMO.CSS.L1", "{6CBCBEB4-4B79-4F3C-A39E-B3CB7AA7EB57}"
	ProjectSection(SolutionItems) = preProject
		ITMO.CSS.L1T3_style.css = ITMO.CSS.L1T3_style.css
		ITMO.HTML.L2T1_2_3_index.html = ITMO.HTML.L2T1_2_3_index.html
		ITMO.HTML.L2T5_classification.html = ITMO.HTML.L2T5_classification.html
	EndProjectSection
EndProject
Project("{2150E333-8FDC-42A3-9474-1A3956D46DE8}") = "ITMO.CSS.L2", "ITMO.CSS.L2", "{4AA921DA-0294-40E1-ABED-78F0DC81237F}"
	ProjectSection(SolutionItems) = preProject
		..\Материалы\ITMO.HTML.L3T4_about_buttons.html = ..\Материалы\ITMO.HTML.L3T4_about_buttons.html
	EndProjectSection
EndProject
Global
	GlobalSection(SolutionProperties) = preSolution
		HideSolutionNode = FALSE
	EndGlobalSection
	GlobalSection(ExtensibilityGlobals) = postSolution
		SolutionGuid = {EFCF0F0F-D609-461B-88B5-0DCD730C6798}
	EndGlobalSection
EndGlobal
